
Microsoft Visual Studio Solution File, Format Version 12.00
# Visual Studio Version 17
VisualStudioVersion = 17.4.33403.182
MinimumVisualStudioVersion = 10.0.40219.1
Project("{FAE04EC0-301F-11D3-BF4B-00C04F79EFBC}") = "BrushOverridingPOC", "BrushOverridingPOC\BrushOverridingPOC.csproj", "{62D97584-5F4B-4857-B936-705ABF827015}"
EndProject
Project("{FAE04EC0-301F-11D3-BF4B-00C04F79EFBC}") = "Feedback", "Feedback\Feedback.csproj", "{85268FE3-8860-4265-819B-3D7D8C686F69}"
EndProject
Project("{FAE04EC0-301F-11D3-BF4B-00C04F79EFBC}") = "Core", "Core\Core.csproj", "{3EC79E02-1A26-42B3-9C43-620B639D4D70}"
EndProject
Global
	GlobalSection(SolutionConfigurationPlatforms) = preSolution
		Debug|Any CPU = Debug|Any CPU
		Debug|ARM = Debug|ARM
		Debug|ARM64 = Debug|ARM64
		Debug|x64 = Debug|x64
		Debug|x86 = Debug|x86
		Release|Any CPU = Release|Any CPU
		Release|ARM = Release|ARM
		Release|ARM64 = Release|ARM64
		Release|x64 = Release|x64
		Release|x86 = Release|x86
	EndGlobalSection
	GlobalSection(ProjectConfigurationPlatforms) = postSolution
		{62D97584-5F4B-4857-B936-705ABF827015}.Debug|Any CPU.ActiveCfg = Debug|x64
		{62D97584-5F4B-4857-B936-705ABF827015}.Debug|Any CPU.Build.0 = Debug|x64
		{62D97584-5F4B-4857-B936-705ABF827015}.Debug|Any CPU.Deploy.0 = Debug|x64
		{62D97584-5F4B-4857-B936-705ABF827015}.Debug|ARM.ActiveCfg = Debug|ARM
		{62D97584-5F4B-4857-B936-705ABF827015}.Debug|ARM.Build.0 = Debug|ARM
		{62D97584-5F4B-4857-B936-705ABF827015}.Debug|ARM.Deploy.0 = Debug|ARM
		{62D97584-5F4B-4857-B936-705ABF827015}.Debug|ARM64.ActiveCfg = Debug|ARM64
		{62D97584-5F4B-4857-B936-705ABF827015}.Debug|ARM64.Build.0 = Debug|ARM64
		{62D97584-5F4B-4857-B936-705ABF827015}.Debug|ARM64.Deploy.0 = Debug|ARM64
		{62D97584-5F4B-4857-B936-705ABF827015}.Debug|x64.ActiveCfg = Debug|x64
		{62D97584-5F4B-4857-B936-705ABF827015}.Debug|x64.Build.0 = Debug|x64
		{62D97584-5F4B-4857-B936-705ABF827015}.Debug|x64.Deploy.0 = Debug|x64
		{62D97584-5F4B-4857-B936-705ABF827015}.Debug|x86.ActiveCfg = Debug|x86
		{62D97584-5F4B-4857-B936-705ABF827015}.Debug|x86.Build.0 = Debug|x86
		{62D97584-5F4B-4857-B936-705ABF827015}.Debug|x86.Deploy.0 = Debug|x86
		{62D97584-5F4B-4857-B936-705ABF827015}.Release|Any CPU.ActiveCfg = Release|x64
		{62D97584-5F4B-4857-B936-705ABF827015}.Release|Any CPU.Build.0 = Release|x64
		{62D97584-5F4B-4857-B936-705ABF827015}.Release|Any CPU.Deploy.0 = Release|x64
		{62D97584-5F4B-4857-B936-705ABF827015}.Release|ARM.ActiveCfg = Release|ARM
		{62D97584-5F4B-4857-B936-705ABF827015}.Release|ARM.Build.0 = Release|ARM
		{62D97584-5F4B-4857-B936-705ABF827015}.Release|ARM.Deploy.0 = Release|ARM
		{62D97584-5F4B-4857-B936-705ABF827015}.Release|ARM64.ActiveCfg = Release|ARM64
		{62D97584-5F4B-4857-B936-705ABF827015}.Release|ARM64.Build.0 = Release|ARM64
		{62D97584-5F4B-4857-B936-705ABF827015}.Release|ARM64.Deploy.0 = Release|ARM64
		{62D97584-5F4B-4857-B936-705ABF827015}.Release|x64.ActiveCfg = Release|x64
		{62D97584-5F4B-4857-B936-705ABF827015}.Release|x64.Build.0 = Release|x64
		{62D97584-5F4B-4857-B936-705ABF827015}.Release|x64.Deploy.0 = Release|x64
		{62D97584-5F4B-4857-B936-705ABF827015}.Release|x86.ActiveCfg = Release|x86
		{62D97584-5F4B-4857-B936-705ABF827015}.Release|x86.Build.0 = Release|x86
		{62D97584-5F4B-4857-B936-705ABF827015}.Release|x86.Deploy.0 = Release|x86
		{85268FE3-8860-4265-819B-3D7D8C686F69}.Debug|Any CPU.ActiveCfg = Debug|Any CPU
		{85268FE3-8860-4265-819B-3D7D8C686F69}.Debug|Any CPU.Build.0 = Debug|Any CPU
		{85268FE3-8860-4265-819B-3D7D8C686F69}.Debug|ARM.ActiveCfg = Debug|ARM
		{85268FE3-8860-4265-819B-3D7D8C686F69}.Debug|ARM.Build.0 = Debug|ARM
		{85268FE3-8860-4265-819B-3D7D8C686F69}.Debug|ARM64.ActiveCfg = Debug|ARM64
		{85268FE3-8860-4265-819B-3D7D8C686F69}.Debug|ARM64.Build.0 = Debug|ARM64
		{85268FE3-8860-4265-819B-3D7D8C686F69}.Debug|x64.ActiveCfg = Debug|x64
		{85268FE3-8860-4265-819B-3D7D8C686F69}.Debug|x64.Build.0 = Debug|x64
		{85268FE3-8860-4265-819B-3D7D8C686F69}.Debug|x86.ActiveCfg = Debug|x86
		{85268FE3-8860-4265-819B-3D7D8C686F69}.Debug|x86.Build.0 = Debug|x86
		{85268FE3-8860-4265-819B-3D7D8C686F69}.Release|Any CPU.ActiveCfg = Release|Any CPU
		{85268FE3-8860-4265-819B-3D7D8C686F69}.Release|Any CPU.Build.0 = Release|Any CPU
		{85268FE3-8860-4265-819B-3D7D8C686F69}.Release|ARM.ActiveCfg = Release|ARM
		{85268FE3-8860-4265-819B-3D7D8C686F69}.Release|ARM.Build.0 = Release|ARM
		{85268FE3-8860-4265-819B-3D7D8C686F69}.Release|ARM64.ActiveCfg = Release|ARM64
		{85268FE3-8860-4265-819B-3D7D8C686F69}.Release|ARM64.Build.0 = Release|ARM64
		{85268FE3-8860-4265-819B-3D7D8C686F69}.Release|x64.ActiveCfg = Release|x64
		{85268FE3-8860-4265-819B-3D7D8C686F69}.Release|x64.Build.0 = Release|x64
		{85268FE3-8860-4265-819B-3D7D8C686F69}.Release|x86.ActiveCfg = Release|x86
		{85268FE3-8860-4265-819B-3D7D8C686F69}.Release|x86.Build.0 = Release|x86
		{3EC79E02-1A26-42B3-9C43-620B639D4D70}.Debug|Any CPU.ActiveCfg = Debug|Any CPU
		{3EC79E02-1A26-42B3-9C43-620B639D4D70}.Debug|Any CPU.Build.0 = Debug|Any CPU
		{3EC79E02-1A26-42B3-9C43-620B639D4D70}.Debug|ARM.ActiveCfg = Debug|ARM
		{3EC79E02-1A26-42B3-9C43-620B639D4D70}.Debug|ARM.Build.0 = Debug|ARM
		{3EC79E02-1A26-42B3-9C43-620B639D4D70}.Debug|ARM64.ActiveCfg = Debug|ARM64
		{3EC79E02-1A26-42B3-9C43-620B639D4D70}.Debug|ARM64.Build.0 = Debug|ARM64
		{3EC79E02-1A26-42B3-9C43-620B639D4D70}.Debug|x64.ActiveCfg = Debug|x64
		{3EC79E02-1A26-42B3-9C43-620B639D4D70}.Debug|x64.Build.0 = Debug|x64
		{3EC79E02-1A26-42B3-9C43-620B639D4D70}.Debug|x86.ActiveCfg = Debug|x86
		{3EC79E02-1A26-42B3-9C43-620B639D4D70}.Debug|x86.Build.0 = Debug|x86
		{3EC79E02-1A26-42B3-9C43-620B639D4D70}.Release|Any CPU.ActiveCfg = Release|Any CPU
		{3EC79E02-1A26-42B3-9C43-620B639D4D70}.Release|Any CPU.Build.0 = Release|Any CPU
		{3EC79E02-1A26-42B3-9C43-620B639D4D70}.Release|ARM.ActiveCfg = Release|ARM
		{3EC79E02-1A26-42B3-9C43-620B639D4D70}.Release|ARM.Build.0 = Release|ARM
		{3EC79E02-1A26-42B3-9C43-620B639D4D70}.Release|ARM64.ActiveCfg = Release|ARM64
		{3EC79E02-1A26-42B3-9C43-620B639D4D70}.Release|ARM64.Build.0 = Release|ARM64
		{3EC79E02-1A26-42B3-9C43-620B639D4D70}.Release|x64.ActiveCfg = Release|x64
		{3EC79E02-1A26-42B3-9C43-620B639D4D70}.Release|x64.Build.0 = Release|x64
		{3EC79E02-1A26-42B3-9C43-620B639D4D70}.Release|x86.ActiveCfg = Release|x86
		{3EC79E02-1A26-42B3-9C43-620B639D4D70}.Release|x86.Build.0 = Release|x86
	EndGlobalSection
	GlobalSection(SolutionProperties) = preSolution
		HideSolutionNode = FALSE
	EndGlobalSection
	GlobalSection(ExtensibilityGlobals) = postSolution
		SolutionGuid = {A6F3D1FF-CED8-48F4-9284-73DF6919A572}
	EndGlobalSection
EndGlobal
